{
  "pins" : [
    {
      "identity" : "realm-core",
      "kind" : "remoteSourceControl",
      "location" : "https://github.com/realm/realm-core.git",
      "state" : {
        "revision" : "f0045b71f9d3e9a6d82c711828f14222811fa6e9",
        "version" : "13.9.4"
      }
    },
    {
      "identity" : "realm-swift",
      "kind" : "remoteSourceControl",
      "location" : "https://github.com/realm/realm-swift.git",
      "state" : {
        "branch" : "master",
        "revision" : "83654fddd15f47cae15af12b3ebd40499f05acff"
      }
    }
  ],
  "version" : 2
}
